// !$*UTF8*$!
{
	archiveVersion = 1;
	classes = {
	};
	objectVersion = 46;
	objects = {

/* Begin PBXBuildFile section */
		181514B21ADC6C6F005D3581 /* AppDelegate.swift in Sources */ = {isa = PBXBuildFile; fileRef = 181514B11ADC6C6F005D3581 /* AppDelegate.swift */; };
		181514B41ADC6C6F005D3581 /* ViewController.swift in Sources */ = {isa = PBXBuildFile; fileRef = 181514B31ADC6C6F005D3581 /* ViewController.swift */; };
		181514B71ADC6C6F005D3581 /* Main.storyboard in Resources */ = {isa = PBXBuildFile; fileRef = 181514B51ADC6C6F005D3581 /* Main.storyboard */; };
		181514B91ADC6C6F005D3581 /* Images.xcassets in Resources */ = {isa = PBXBuildFile; fileRef = 181514B81ADC6C6F005D3581 /* Images.xcassets */; };
		181514BC1ADC6C6F005D3581 /* LaunchScreen.xib in Resources */ = {isa = PBXBuildFile; fileRef = 181514BA1ADC6C6F005D3581 /* LaunchScreen.xib */; };
		181514C81ADC6C6F005D3581 /* SwiftTableTests.swift in Sources */ = {isa = PBXBuildFile; fileRef = 181514C71ADC6C6F005D3581 /* SwiftTableTests.swift */; };
/* End PBXBuildFile section */

/* Begin PBXContainerItemProxy section */
		181514C21ADC6C6F005D3581 /* PBXContainerItemProxy */ = {
			isa = PBXContainerItemProxy;
			containerPortal = 181514A41ADC6C6F005D3581 /* Project object */;
			proxyType = 1;
			remoteGlobalIDString = 181514AB1ADC6C6F005D3581;
			remoteInfo = SwiftTable;
		};
/* End PBXContainerItemProxy section */

/* Begin PBXFileReference section */
		181514AC1ADC6C6F005D3581 /* SwiftTable.app */ = {isa = PBXFileReference; explicitFileType = wrapper.application; includeInIndex = 0; path = SwiftTable.app; sourceTree = BUILT_PRODUCTS_DIR; };
		181514B01ADC6C6F005D3581 /* Info.plist */ = {isa = PBXFileReference; lastKnownFileType = text.plist.xml; path = Info.plist; sourceTree = "<group>"; };
		181514B11ADC6C6F005D3581 /* AppDelegate.swift */ = {isa = PBXFileReference; lastKnownFileType = sourcecode.swift; path = AppDelegate.swift; sourceTree = "<group>"; };
		181514B31ADC6C6F005D3581 /* ViewController.swift */ = {isa = PBXFileReference; lastKnownFileType = sourcecode.swift; path = ViewController.swift; sourceTree = "<group>"; };
		181514B61ADC6C6F005D3581 /* Base */ = {isa = PBXFileReference; lastKnownFileType = file.storyboard; name = Base; path = Base.lproj/Main.storyboard; sourceTree = "<group>"; };
		181514B81ADC6C6F005D3581 /* Images.xcassets */ = {isa = PBXFileReference; lastKnownFileType = folder.assetcatalog; path = Images.xcassets; sourceTree = "<group>"; };
		181514BB1ADC6C6F005D3581 /* Base */ = {isa = PBXFileReference; lastKnownFileType = file.xib; name = Base; path = Base.lproj/LaunchScreen.xib; sourceTree = "<group>"; };
		181514C11ADC6C6F005D3581 /* SwiftTableTests.xctest */ = {isa = PBXFileReference; explicitFileType = wrapper.cfbundle; includeInIndex = 0; path = SwiftTableTests.xctest; sourceTree = BUILT_PRODUCTS_DIR; };
		181514C61ADC6C6F005D3581 /* Info.plist */ = {isa = PBXFileReference; lastKnownFileType = text.plist.xml; path = Info.plist; sourceTree = "<group>"; };
		181514C71ADC6C6F005D3581 /* SwiftTableTests.swift */ = {isa = PBXFileReference; lastKnownFileType = sourcecode.swift; path = SwiftTableTests.swift; sourceTree = "<group>"; };
/* End PBXFileReference section */

/* Begin PBXFrameworksBuildPhase section */
		181514A91ADC6C6F005D3581 /* Frameworks */ = {
			isa = PBXFrameworksBuildPhase;
			buildActionMask = 2147483647;
			files = (
			);
			runOnlyForDeploymentPostprocessing = 0;
		};
		181514BE1ADC6C6F005D3581 /* Frameworks */ = {
			isa = PBXFrameworksBuildPhase;
			buildActionMask = 2147483647;
			files = (
			);
			runOnlyForDeploymentPostprocessing = 0;
		};
/* End PBXFrameworksBuildPhase section */

/* Begin PBXGroup section */
		181514A31ADC6C6F005D3581 = {
			isa = PBXGroup;
			children = (
				181514AE1ADC6C6F005D3581 /* SwiftTable */,
				181514C41ADC6C6F005D3581 /* SwiftTableTests */,
				181514AD1ADC6C6F005D3581 /* Products */,
			);
			sourceTree = "<group>";
		};
		181514AD1ADC6C6F005D3581 /* Products */ = {
			isa = PBXGroup;
			children = (
				181514AC1ADC6C6F005D3581 /* SwiftTable.app */,
				181514C11ADC6C6F005D3581 /* SwiftTableTests.xctest */,
			);
			name = Products;
			sourceTree = "<group>";
		};
		181514AE1ADC6C6F005D3581 /* SwiftTable */ = {
			isa = PBXGroup;
			children = (
				181514B11ADC6C6F005D3581 /* AppDelegate.swift */,
				181514B31ADC6C6F005D3581 /* ViewController.swift */,
				181514B51ADC6C6F005D3581 /* Main.storyboard */,
				181514B81ADC6C6F005D3581 /* Images.xcassets */,
				181514BA1ADC6C6F005D3581 /* LaunchScreen.xib */,
				181514AF1ADC6C6F005D3581 /* Supporting Files */,
			);
			path = SwiftTable;
			sourceTree = "<group>";
		};
		181514AF1ADC6C6F005D3581 /* Supporting Files */ = {
			isa = PBXGroup;
			children = (
				181514B01ADC6C6F005D3581 /* Info.plist */,
			);
			name = "Supporting Files";
			sourceTree = "<group>";
		};
		181514C41ADC6C6F005D3581 /* SwiftTableTests */ = {
			isa = PBXGroup;
			children = (
				181514C71ADC6C6F005D3581 /* SwiftTableTests.swift */,
				181514C51ADC6C6F005D3581 /* Supporting Files */,
			);
			path = SwiftTableTests;
			sourceTree = "<group>";
		};
		181514C51ADC6C6F005D3581 /* Supporting Files */ = {
			isa = PBXGroup;
			children = (
				181514C61ADC6C6F005D3581 /* Info.plist */,
			);
			name = "Supporting Files";
			sourceTree = "<group>";
		};
/* End PBXGroup section */

/* Begin PBXNativeTarget section */
		181514AB1ADC6C6F005D3581 /* SwiftTable */ = {
			isa = PBXNativeTarget;
			buildConfigurationList = 181514CB1ADC6C6F005D3581 /* Build configuration list for PBXNativeTarget "SwiftTable" */;
			buildPhases = (
				181514A81ADC6C6F005D3581 /* Sources */,
				181514A91ADC6C6F005D3581 /* Frameworks */,
				181514AA1ADC6C6F005D3581 /* Resources */,
			);
			buildRules = (
			);
			dependencies = (
			);
			name = SwiftTable;
			productName = SwiftTable;
			productReference = 181514AC1ADC6C6F005D3581 /* SwiftTable.app */;
			productType = "com.apple.product-type.application";
		};
		181514C01ADC6C6F005D3581 /* SwiftTableTests */ = {
			isa = PBXNativeTarget;
			buildConfigurationList = 181514CE1ADC6C6F005D3581 /* Build configuration list for PBXNativeTarget "SwiftTableTests" */;
			buildPhases = (
				181514BD1ADC6C6F005D3581 /* Sources */,
				181514BE1ADC6C6F005D3581 /* Frameworks */,
				181514BF1ADC6C6F005D3581 /* Resources */,
			);
			buildRules = (
			);
			dependencies = (
				181514C31ADC6C6F005D3581 /* PBXTargetDependency */,
			);
			name = SwiftTableTests;
			productName = SwiftTableTests;
			productReference = 181514C11ADC6C6F005D3581 /* SwiftTableTests.xctest */;
			productType = "com.apple.product-type.bundle.unit-test";
		};
/* End PBXNativeTarget section */

/* Begin PBXProject section */
		181514A41ADC6C6F005D3581 /* Project object */ = {
			isa = PBXProject;
			attributes = {
				LastUpgradeCheck = 0610;
				ORGANIZATIONNAME = apple;
				TargetAttributes = {
					181514AB1ADC6C6F005D3581 = {
						CreatedOnToolsVersion = 6.1;
					};
					181514C01ADC6C6F005D3581 = {
						CreatedOnToolsVersion = 6.1;
						TestTargetID = 181514AB1ADC6C6F005D3581;
					};
				};
			};
			buildConfigurationList = 181514A71ADC6C6F005D3581 /* Build configuration list for PBXProject "SwiftTable" */;
			compatibilityVersion = "Xcode 3.2";
			developmentRegion = English;
			hasScannedForEncodings = 0;
			knownRegions = (
				en,
				Base,
			);
			mainGroup = 181514A31ADC6C6F005D3581;
			productRefGroup = 181514AD1ADC6C6F005D3581 /* Products */;
			projectDirPath = "";
			projectRoot = "";
			targets = (
				181514AB1ADC6C6F005D3581 /* SwiftTable */,
				181514C01ADC6C6F005D3581 /* SwiftTableTests */,
			);
		};
/* End PBXProject section */

/* Begin PBXResourcesBuildPhase section */
		181514AA1ADC6C6F005D3581 /* Resources */ = {
			isa = PBXResourcesBuildPhase;
			buildActionMask = 2147483647;
			files = (
				181514B71ADC6C6F005D3581 /* Main.storyboard in Resources */,
				181514BC1ADC6C6F005D3581 /* LaunchScreen.xib in Resources */,
				181514B91ADC6C6F005D3581 /* Images.xcassets in Resources */,
			);
			runOnlyForDeploymentPostprocessing = 0;
		};
		181514BF1ADC6C6F005D3581 /* Resources */ = {
			isa = PBXResourcesBuildPhase;
			buildActionMask = 2147483647;
			files = (
			);
			runOnlyForDeploymentPostprocessing = 0;
		};
/* End PBXResourcesBuildPhase section */

/* Begin PBXSourcesBuildPhase section */
		181514A81ADC6C6F005D3581 /* Sources */ = {
			isa = PBXSourcesBuildPhase;
			buildActionMask = 2147483647;
			files = (
				181514B41ADC6C6F005D3581 /* ViewController.swift in Sources */,
				181514B21ADC6C6F005D3581 /* AppDelegate.swift in Sources */,
			);
			runOnlyForDeploymentPostprocessing = 0;
		};
		181514BD1ADC6C6F005D3581 /* Sources */ = {
			isa = PBXSourcesBuildPhase;
			buildActionMask = 2147483647;
			files = (
				181514C81ADC6C6F005D3581 /* SwiftTableTests.swift in Sources */,
			);
			runOnlyForDeploymentPostprocessing = 0;
		};
/* End PBXSourcesBuildPhase section */

/* Begin PBXTargetDependency section */
		181514C31ADC6C6F005D3581 /* PBXTargetDependency */ = {
			isa = PBXTargetDependency;
			target = 181514AB1ADC6C6F005D3581 /* SwiftTable */;
			targetProxy = 181514C21ADC6C6F005D3581 /* PBXContainerItemProxy */;
		};
/* End PBXTargetDependency section */

/* Begin PBXVariantGroup section */
		181514B51ADC6C6F005D3581 /* Main.storyboard */ = {
			isa = PBXVariantGroup;
			children = (
				181514B61ADC6C6F005D3581 /* Base */,
			);
			name = Main.storyboard;
			sourceTree = "<group>";
		};
		181514BA1ADC6C6F005D3581 /* LaunchScreen.xib */ = {
			isa = PBXVariantGroup;
			children = (
				181514BB1ADC6C6F005D3581 /* Base */,
			);
			name = LaunchScreen.xib;
			sourceTree = "<group>";
		};
/* End PBXVariantGroup section */

/* Begin XCBuildConfiguration section */
		181514C91ADC6C6F005D3581 /* Debug */ = {
			isa = XCBuildConfiguration;
			buildSettings = {
				ALWAYS_SEARCH_USER_PATHS = NO;
				CLANG_CXX_LANGUAGE_STANDARD = "gnu++0x";
				CLANG_CXX_LIBRARY = "libc++";
				CLANG_ENABLE_MODULES = YES;
				CLANG_ENABLE_OBJC_ARC = YES;
				CLANG_WARN_BOOL_CONVERSION = YES;
				CLANG_WARN_CONSTANT_CONVERSION = YES;
				CLANG_WARN_DIRECT_OBJC_ISA_USAGE = YES_ERROR;
				CLANG_WARN_EMPTY_BODY = YES;
				CLANG_WARN_ENUM_CONVERSION = YES;
				CLANG_WARN_INT_CONVERSION = YES;
				CLANG_WARN_OBJC_ROOT_CLASS = YES_ERROR;
				CLANG_WARN_UNREACHABLE_CODE = YES;
				CLANG_WARN__DUPLICATE_METHOD_MATCH = YES;
				"CODE_SIGN_IDENTITY[sdk=iphoneos*]" = "iPhone Developer";
				COPY_PHASE_STRIP = NO;
				ENABLE_STRICT_OBJC_MSGSEND = YES;
				GCC_C_LANGUAGE_STANDARD = gnu99;
				GCC_DYNAMIC_NO_PIC = NO;
				GCC_OPTIMIZATION_LEVEL = 0;
				GCC_PREPROCESSOR_DEFINITIONS = (
					"DEBUG=1",
					"$(inherited)",
				);
				GCC_SYMBOLS_PRIVATE_EXTERN = NO;
				GCC_WARN_64_TO_32_BIT_CONVERSION = YES;
				GCC_WARN_ABOUT_RETURN_TYPE = YES_ERROR;
				GCC_WARN_UNDECLARED_SELECTOR = YES;
				GCC_WARN_UNINITIALIZED_AUTOS = YES_AGGRESSIVE;
				GCC_WARN_UNUSED_FUNCTION = YES;
				GCC_WARN_UNUSED_VARIABLE = YES;
				IPHONEOS_DEPLOYMENT_TARGET = 8.1;
				MTL_ENABLE_DEBUG_INFO = YES;
				ONLY_ACTIVE_ARCH = YES;
				SDKROOT = iphoneos;
				SWIFT_OPTIMIZATION_LEVEL = "-Onone";
				TARGETED_DEVICE_FAMILY = "1,2";
			};
			name = Debug;
		};
		181514CA1ADC6C6F005D3581 /* Release */ = {
			isa = XCBuildConfiguration;
			buildSettings = {
				ALWAYS_SEARCH_USER_PATHS = NO;
				CLANG_CXX_LANGUAGE_STANDARD = "gnu++0x";
				CLANG_CXX_LIBRARY = "libc++";
				CLANG_ENABLE_MODULES = YES;
				CLANG_ENABLE_OBJC_ARC = YES;
				CLANG_WARN_BOOL_CONVERSION = YES;
				CLANG_WARN_CONSTANT_CONVERSION = YES;
				CLANG_WARN_DIRECT_OBJC_ISA_USAGE = YES_ERROR;
				CLANG_WARN_EMPTY_BODY = YES;
				CLANG_WARN_ENUM_CONVERSION = YES;
				CLANG_WARN_INT_CONVERSION = YES;
				CLANG_WARN_OBJC_ROOT_CLASS = YES_ERROR;
				CLANG_WARN_UNREACHABLE_CODE = YES;
				CLANG_WARN__DUPLICATE_METHOD_MATCH = YES;
				"CODE_SIGN_IDENTITY[sdk=iphoneos*]" = "iPhone Developer";
				COPY_PHASE_STRIP = YES;
				ENABLE_NS_ASSERTIONS = NO;
				ENABLE_STRICT_OBJC_MSGSEND = YES;
				GCC_C_LANGUAGE_STANDARD = gnu99;
				GCC_WARN_64_TO_32_BIT_CONVERSION = YES;
				GCC_WARN_ABOUT_RETURN_TYPE = YES_ERROR;
				GCC_WARN_UNDECLARED_SELECTOR = YES;
				GCC_WARN_UNINITIALIZED_AUTOS = YES_AGGRESSIVE;
				GCC_WARN_UNUSED_FUNCTION = YES;
				GCC_WARN_UNUSED_VARIABLE = YES;
				IPHONEOS_DEPLOYMENT_TARGET = 8.1;
				MTL_ENABLE_DEBUG_INFO = NO;
				SDKROOT = iphoneos;
				TARGETED_DEVICE_FAMILY = "1,2";
				VALIDATE_PRODUCT = YES;
			};
			name = Release;
		};
		181514CC1ADC6C6F005D3581 /* Debug */ = {
			isa = XCBuildConfiguration;
			buildSettings = {
				ASSETCATALOG_COMPILER_APPICON_NAME = AppIcon;
				INFOPLIST_FILE = SwiftTable/Info.plist;
				LD_RUNPATH_SEARCH_PATHS = "$(inherited) @executable_path/Frameworks";
				PRODUCT_NAME = "$(TARGET_NAME)";
			};
			name = Debug;
		};
		181514CD1ADC6C6F005D3581 /* Release */ = {
			isa = XCBuildConfiguration;
			buildSettings = {
				ASSETCATALOG_COMPILER_APPICON_NAME = AppIcon;
				INFOPLIST_FILE = SwiftTable/Info.plist;
				LD_RUNPATH_SEARCH_PATHS = "$(inherited) @executable_path/Frameworks";
				PRODUCT_NAME = "$(TARGET_NAME)";
			};
			name = Release;
		};
		181514CF1ADC6C6F005D3581 /* Debug */ = {
			isa = XCBuildConfiguration;
			buildSettings = {
				BUNDLE_LOADER = "$(TEST_HOST)";
				FRAMEWORK_SEARCH_PATHS = (
					"$(SDKROOT)/Developer/Library/Frameworks",
					"$(inherited)",
				);
				GCC_PREPROCESSOR_DEFINITIONS = (
					"DEBUG=1",
					"$(inherited)",
				);
				INFOPLIST_FILE = SwiftTableTests/Info.plist;
				LD_RUNPATH_SEARCH_PATHS = "$(inherited) @executable_path/Frameworks @loader_path/Frameworks";
				PRODUCT_NAME = "$(TARGET_NAME)";
				TEST_HOST = "$(BUILT_PRODUCTS_DIR)/SwiftTable.app/SwiftTable";
			};
			name = Debug;
		};
		181514D01ADC6C6F005D3581 /* Release */ = {
			isa = XCBuildConfiguration;
			buildSettings = {
				BUNDLE_LOADER = "$(TEST_HOST)";
				FRAMEWORK_SEARCH_PATHS = (
					"$(SDKROOT)/Developer/Library/Frameworks",
					"$(inherited)",
				);
				INFOPLIST_FILE = SwiftTableTests/Info.plist;
				LD_RUNPATH_SEARCH_PATHS = "$(inherited) @executable_path/Frameworks @loader_path/Frameworks";
				PRODUCT_NAME = "$(TARGET_NAME)";
				TEST_HOST = "$(BUILT_PRODUCTS_DIR)/SwiftTable.app/SwiftTable";
			};
			name = Release;
		};
/* End XCBuildConfiguration section */

/* Begin XCConfigurationList section */
		181514A71ADC6C6F005D3581 /* Build configuration list for PBXProject "SwiftTable" */ = {
			isa = XCConfigurationList;
			buildConfigurations = (
				181514C91ADC6C6F005D3581 /* Debug */,
				181514CA1ADC6C6F005D3581 /* Release */,
			);
			defaultConfigurationIsVisible = 0;
			defaultConfigurationName = Release;
		};
		181514CB1ADC6C6F005D3581 /* Build configuration list for PBXNativeTarget "SwiftTable" */ = {
			isa = XCConfigurationList;
			buildConfigurations = (
				181514CC1ADC6C6F005D3581 /* Debug */,
				181514CD1ADC6C6F005D3581 /* Release */,
			);
			defaultConfigurationIsVisible = 0;
		};
		181514CE1ADC6C6F005D3581 /* Build configuration list for PBXNativeTarget "SwiftTableTests" */ = {
			isa = XCConfigurationList;
			buildConfigurations = (
				181514CF1ADC6C6F005D3581 /* Debug */,
				181514D01ADC6C6F005D3581 /* Release */,
			);
			defaultConfigurationIsVisible = 0;
		};
/* End XCConfigurationList section */
	};
	rootObject = 181514A41ADC6C6F005D3581 /* Project object */;
}
