// !$*UTF8*$!
{
	archiveVersion = 1;
	classes = {
	};
	objectVersion = 46;
	objects = {

/* Begin PBXBuildFile section */
		181514E01ADD73CC005D3581 /* AppDelegate.swift in Sources */ = {isa = PBXBuildFile; fileRef = 181514DF1ADD73CC005D3581 /* AppDelegate.swift */; };
		181514E51ADD73CC005D3581 /* Main.storyboard in Resources */ = {isa = PBXBuildFile; fileRef = 181514E31ADD73CC005D3581 /* Main.storyboard */; };
		181514E71ADD73CC005D3581 /* Images.xcassets in Resources */ = {isa = PBXBuildFile; fileRef = 181514E61ADD73CC005D3581 /* Images.xcassets */; };
		181514EA1ADD73CC005D3581 /* LaunchScreen.xib in Resources */ = {isa = PBXBuildFile; fileRef = 181514E81ADD73CC005D3581 /* LaunchScreen.xib */; };
		181514F61ADD73CC005D3581 /* FoodPinTests.swift in Sources */ = {isa = PBXBuildFile; fileRef = 181514F51ADD73CC005D3581 /* FoodPinTests.swift */; };
		181515001ADD7A12005D3581 /* RestaurantTableViewController.swift in Sources */ = {isa = PBXBuildFile; fileRef = 181514FF1ADD7A12005D3581 /* RestaurantTableViewController.swift */; };
		181515021ADDBF73005D3581 /* CustomTableViewCell.swift in Sources */ = {isa = PBXBuildFile; fileRef = 181515011ADDBF73005D3581 /* CustomTableViewCell.swift */; };
/* End PBXBuildFile section */

/* Begin PBXContainerItemProxy section */
		181514F01ADD73CC005D3581 /* PBXContainerItemProxy */ = {
			isa = PBXContainerItemProxy;
			containerPortal = 181514D21ADD73CC005D3581 /* Project object */;
			proxyType = 1;
			remoteGlobalIDString = 181514D91ADD73CC005D3581;
			remoteInfo = FoodPin;
		};
/* End PBXContainerItemProxy section */

/* Begin PBXFileReference section */
		181514DA1ADD73CC005D3581 /* FoodPin.app */ = {isa = PBXFileReference; explicitFileType = wrapper.application; includeInIndex = 0; path = FoodPin.app; sourceTree = BUILT_PRODUCTS_DIR; };
		181514DE1ADD73CC005D3581 /* Info.plist */ = {isa = PBXFileReference; lastKnownFileType = text.plist.xml; path = Info.plist; sourceTree = "<group>"; };
		181514DF1ADD73CC005D3581 /* AppDelegate.swift */ = {isa = PBXFileReference; lastKnownFileType = sourcecode.swift; path = AppDelegate.swift; sourceTree = "<group>"; };
		181514E41ADD73CC005D3581 /* Base */ = {isa = PBXFileReference; lastKnownFileType = file.storyboard; name = Base; path = Base.lproj/Main.storyboard; sourceTree = "<group>"; };
		181514E61ADD73CC005D3581 /* Images.xcassets */ = {isa = PBXFileReference; lastKnownFileType = folder.assetcatalog; path = Images.xcassets; sourceTree = "<group>"; };
		181514E91ADD73CC005D3581 /* Base */ = {isa = PBXFileReference; lastKnownFileType = file.xib; name = Base; path = Base.lproj/LaunchScreen.xib; sourceTree = "<group>"; };
		181514EF1ADD73CC005D3581 /* FoodPinTests.xctest */ = {isa = PBXFileReference; explicitFileType = wrapper.cfbundle; includeInIndex = 0; path = FoodPinTests.xctest; sourceTree = BUILT_PRODUCTS_DIR; };
		181514F41ADD73CC005D3581 /* Info.plist */ = {isa = PBXFileReference; lastKnownFileType = text.plist.xml; path = Info.plist; sourceTree = "<group>"; };
		181514F51ADD73CC005D3581 /* FoodPinTests.swift */ = {isa = PBXFileReference; lastKnownFileType = sourcecode.swift; path = FoodPinTests.swift; sourceTree = "<group>"; };
		181514FF1ADD7A12005D3581 /* RestaurantTableViewController.swift */ = {isa = PBXFileReference; fileEncoding = 4; lastKnownFileType = sourcecode.swift; path = RestaurantTableViewController.swift; sourceTree = "<group>"; };
		181515011ADDBF73005D3581 /* CustomTableViewCell.swift */ = {isa = PBXFileReference; fileEncoding = 4; lastKnownFileType = sourcecode.swift; path = CustomTableViewCell.swift; sourceTree = "<group>"; };
/* End PBXFileReference section */

/* Begin PBXFrameworksBuildPhase section */
		181514D71ADD73CC005D3581 /* Frameworks */ = {
			isa = PBXFrameworksBuildPhase;
			buildActionMask = 2147483647;
			files = (
			);
			runOnlyForDeploymentPostprocessing = 0;
		};
		181514EC1ADD73CC005D3581 /* Frameworks */ = {
			isa = PBXFrameworksBuildPhase;
			buildActionMask = 2147483647;
			files = (
			);
			runOnlyForDeploymentPostprocessing = 0;
		};
/* End PBXFrameworksBuildPhase section */

/* Begin PBXGroup section */
		181514D11ADD73CC005D3581 = {
			isa = PBXGroup;
			children = (
				181514DC1ADD73CC005D3581 /* FoodPin */,
				181514F21ADD73CC005D3581 /* FoodPinTests */,
				181514DB1ADD73CC005D3581 /* Products */,
			);
			sourceTree = "<group>";
		};
		181514DB1ADD73CC005D3581 /* Products */ = {
			isa = PBXGroup;
			children = (
				181514DA1ADD73CC005D3581 /* FoodPin.app */,
				181514EF1ADD73CC005D3581 /* FoodPinTests.xctest */,
			);
			name = Products;
			sourceTree = "<group>";
		};
		181514DC1ADD73CC005D3581 /* FoodPin */ = {
			isa = PBXGroup;
			children = (
				181514DF1ADD73CC005D3581 /* AppDelegate.swift */,
				181514E31ADD73CC005D3581 /* Main.storyboard */,
				181514E61ADD73CC005D3581 /* Images.xcassets */,
				181514E81ADD73CC005D3581 /* LaunchScreen.xib */,
				181514DD1ADD73CC005D3581 /* Supporting Files */,
				181514FF1ADD7A12005D3581 /* RestaurantTableViewController.swift */,
				181515011ADDBF73005D3581 /* CustomTableViewCell.swift */,
			);
			path = FoodPin;
			sourceTree = "<group>";
		};
		181514DD1ADD73CC005D3581 /* Supporting Files */ = {
			isa = PBXGroup;
			children = (
				181514DE1ADD73CC005D3581 /* Info.plist */,
			);
			name = "Supporting Files";
			sourceTree = "<group>";
		};
		181514F21ADD73CC005D3581 /* FoodPinTests */ = {
			isa = PBXGroup;
			children = (
				181514F51ADD73CC005D3581 /* FoodPinTests.swift */,
				181514F31ADD73CC005D3581 /* Supporting Files */,
			);
			path = FoodPinTests;
			sourceTree = "<group>";
		};
		181514F31ADD73CC005D3581 /* Supporting Files */ = {
			isa = PBXGroup;
			children = (
				181514F41ADD73CC005D3581 /* Info.plist */,
			);
			name = "Supporting Files";
			sourceTree = "<group>";
		};
/* End PBXGroup section */

/* Begin PBXNativeTarget section */
		181514D91ADD73CC005D3581 /* FoodPin */ = {
			isa = PBXNativeTarget;
			buildConfigurationList = 181514F91ADD73CC005D3581 /* Build configuration list for PBXNativeTarget "FoodPin" */;
			buildPhases = (
				181514D61ADD73CC005D3581 /* Sources */,
				181514D71ADD73CC005D3581 /* Frameworks */,
				181514D81ADD73CC005D3581 /* Resources */,
			);
			buildRules = (
			);
			dependencies = (
			);
			name = FoodPin;
			productName = FoodPin;
			productReference = 181514DA1ADD73CC005D3581 /* FoodPin.app */;
			productType = "com.apple.product-type.application";
		};
		181514EE1ADD73CC005D3581 /* FoodPinTests */ = {
			isa = PBXNativeTarget;
			buildConfigurationList = 181514FC1ADD73CC005D3581 /* Build configuration list for PBXNativeTarget "FoodPinTests" */;
			buildPhases = (
				181514EB1ADD73CC005D3581 /* Sources */,
				181514EC1ADD73CC005D3581 /* Frameworks */,
				181514ED1ADD73CC005D3581 /* Resources */,
			);
			buildRules = (
			);
			dependencies = (
				181514F11ADD73CC005D3581 /* PBXTargetDependency */,
			);
			name = FoodPinTests;
			productName = FoodPinTests;
			productReference = 181514EF1ADD73CC005D3581 /* FoodPinTests.xctest */;
			productType = "com.apple.product-type.bundle.unit-test";
		};
/* End PBXNativeTarget section */

/* Begin PBXProject section */
		181514D21ADD73CC005D3581 /* Project object */ = {
			isa = PBXProject;
			attributes = {
				LastUpgradeCheck = 0610;
				ORGANIZATIONNAME = apple;
				TargetAttributes = {
					181514D91ADD73CC005D3581 = {
						CreatedOnToolsVersion = 6.1;
					};
					181514EE1ADD73CC005D3581 = {
						CreatedOnToolsVersion = 6.1;
						TestTargetID = 181514D91ADD73CC005D3581;
					};
				};
			};
			buildConfigurationList = 181514D51ADD73CC005D3581 /* Build configuration list for PBXProject "FoodPin" */;
			compatibilityVersion = "Xcode 3.2";
			developmentRegion = English;
			hasScannedForEncodings = 0;
			knownRegions = (
				en,
				Base,
			);
			mainGroup = 181514D11ADD73CC005D3581;
			productRefGroup = 181514DB1ADD73CC005D3581 /* Products */;
			projectDirPath = "";
			projectRoot = "";
			targets = (
				181514D91ADD73CC005D3581 /* FoodPin */,
				181514EE1ADD73CC005D3581 /* FoodPinTests */,
			);
		};
/* End PBXProject section */

/* Begin PBXResourcesBuildPhase section */
		181514D81ADD73CC005D3581 /* Resources */ = {
			isa = PBXResourcesBuildPhase;
			buildActionMask = 2147483647;
			files = (
				181514E51ADD73CC005D3581 /* Main.storyboard in Resources */,
				181514EA1ADD73CC005D3581 /* LaunchScreen.xib in Resources */,
				181514E71ADD73CC005D3581 /* Images.xcassets in Resources */,
			);
			runOnlyForDeploymentPostprocessing = 0;
		};
		181514ED1ADD73CC005D3581 /* Resources */ = {
			isa = PBXResourcesBuildPhase;
			buildActionMask = 2147483647;
			files = (
			);
			runOnlyForDeploymentPostprocessing = 0;
		};
/* End PBXResourcesBuildPhase section */

/* Begin PBXSourcesBuildPhase section */
		181514D61ADD73CC005D3581 /* Sources */ = {
			isa = PBXSourcesBuildPhase;
			buildActionMask = 2147483647;
			files = (
				181515021ADDBF73005D3581 /* CustomTableViewCell.swift in Sources */,
				181515001ADD7A12005D3581 /* RestaurantTableViewController.swift in Sources */,
				181514E01ADD73CC005D3581 /* AppDelegate.swift in Sources */,
			);
			runOnlyForDeploymentPostprocessing = 0;
		};
		181514EB1ADD73CC005D3581 /* Sources */ = {
			isa = PBXSourcesBuildPhase;
			buildActionMask = 2147483647;
			files = (
				181514F61ADD73CC005D3581 /* FoodPinTests.swift in Sources */,
			);
			runOnlyForDeploymentPostprocessing = 0;
		};
/* End PBXSourcesBuildPhase section */

/* Begin PBXTargetDependency section */
		181514F11ADD73CC005D3581 /* PBXTargetDependency */ = {
			isa = PBXTargetDependency;
			target = 181514D91ADD73CC005D3581 /* FoodPin */;
			targetProxy = 181514F01ADD73CC005D3581 /* PBXContainerItemProxy */;
		};
/* End PBXTargetDependency section */

/* Begin PBXVariantGroup section */
		181514E31ADD73CC005D3581 /* Main.storyboard */ = {
			isa = PBXVariantGroup;
			children = (
				181514E41ADD73CC005D3581 /* Base */,
			);
			name = Main.storyboard;
			sourceTree = "<group>";
		};
		181514E81ADD73CC005D3581 /* LaunchScreen.xib */ = {
			isa = PBXVariantGroup;
			children = (
				181514E91ADD73CC005D3581 /* Base */,
			);
			name = LaunchScreen.xib;
			sourceTree = "<group>";
		};
/* End PBXVariantGroup section */

/* Begin XCBuildConfiguration section */
		181514F71ADD73CC005D3581 /* Debug */ = {
			isa = XCBuildConfiguration;
			buildSettings = {
				ALWAYS_SEARCH_USER_PATHS = NO;
				CLANG_CXX_LANGUAGE_STANDARD = "gnu++0x";
				CLANG_CXX_LIBRARY = "libc++";
				CLANG_ENABLE_MODULES = YES;
				CLANG_ENABLE_OBJC_ARC = YES;
				CLANG_WARN_BOOL_CONVERSION = YES;
				CLANG_WARN_CONSTANT_CONVERSION = YES;
				CLANG_WARN_DIRECT_OBJC_ISA_USAGE = YES_ERROR;
				CLANG_WARN_EMPTY_BODY = YES;
				CLANG_WARN_ENUM_CONVERSION = YES;
				CLANG_WARN_INT_CONVERSION = YES;
				CLANG_WARN_OBJC_ROOT_CLASS = YES_ERROR;
				CLANG_WARN_UNREACHABLE_CODE = YES;
				CLANG_WARN__DUPLICATE_METHOD_MATCH = YES;
				"CODE_SIGN_IDENTITY[sdk=iphoneos*]" = "iPhone Developer";
				COPY_PHASE_STRIP = NO;
				ENABLE_STRICT_OBJC_MSGSEND = YES;
				GCC_C_LANGUAGE_STANDARD = gnu99;
				GCC_DYNAMIC_NO_PIC = NO;
				GCC_OPTIMIZATION_LEVEL = 0;
				GCC_PREPROCESSOR_DEFINITIONS = (
					"DEBUG=1",
					"$(inherited)",
				);
				GCC_SYMBOLS_PRIVATE_EXTERN = NO;
				GCC_WARN_64_TO_32_BIT_CONVERSION = YES;
				GCC_WARN_ABOUT_RETURN_TYPE = YES_ERROR;
				GCC_WARN_UNDECLARED_SELECTOR = YES;
				GCC_WARN_UNINITIALIZED_AUTOS = YES_AGGRESSIVE;
				GCC_WARN_UNUSED_FUNCTION = YES;
				GCC_WARN_UNUSED_VARIABLE = YES;
				IPHONEOS_DEPLOYMENT_TARGET = 8.1;
				MTL_ENABLE_DEBUG_INFO = YES;
				ONLY_ACTIVE_ARCH = YES;
				SDKROOT = iphoneos;
				SWIFT_OPTIMIZATION_LEVEL = "-Onone";
				TARGETED_DEVICE_FAMILY = "1,2";
			};
			name = Debug;
		};
		181514F81ADD73CC005D3581 /* Release */ = {
			isa = XCBuildConfiguration;
			buildSettings = {
				ALWAYS_SEARCH_USER_PATHS = NO;
				CLANG_CXX_LANGUAGE_STANDARD = "gnu++0x";
				CLANG_CXX_LIBRARY = "libc++";
				CLANG_ENABLE_MODULES = YES;
				CLANG_ENABLE_OBJC_ARC = YES;
				CLANG_WARN_BOOL_CONVERSION = YES;
				CLANG_WARN_CONSTANT_CONVERSION = YES;
				CLANG_WARN_DIRECT_OBJC_ISA_USAGE = YES_ERROR;
				CLANG_WARN_EMPTY_BODY = YES;
				CLANG_WARN_ENUM_CONVERSION = YES;
				CLANG_WARN_INT_CONVERSION = YES;
				CLANG_WARN_OBJC_ROOT_CLASS = YES_ERROR;
				CLANG_WARN_UNREACHABLE_CODE = YES;
				CLANG_WARN__DUPLICATE_METHOD_MATCH = YES;
				"CODE_SIGN_IDENTITY[sdk=iphoneos*]" = "iPhone Developer";
				COPY_PHASE_STRIP = YES;
				ENABLE_NS_ASSERTIONS = NO;
				ENABLE_STRICT_OBJC_MSGSEND = YES;
				GCC_C_LANGUAGE_STANDARD = gnu99;
				GCC_WARN_64_TO_32_BIT_CONVERSION = YES;
				GCC_WARN_ABOUT_RETURN_TYPE = YES_ERROR;
				GCC_WARN_UNDECLARED_SELECTOR = YES;
				GCC_WARN_UNINITIALIZED_AUTOS = YES_AGGRESSIVE;
				GCC_WARN_UNUSED_FUNCTION = YES;
				GCC_WARN_UNUSED_VARIABLE = YES;
				IPHONEOS_DEPLOYMENT_TARGET = 8.1;
				MTL_ENABLE_DEBUG_INFO = NO;
				SDKROOT = iphoneos;
				TARGETED_DEVICE_FAMILY = "1,2";
				VALIDATE_PRODUCT = YES;
			};
			name = Release;
		};
		181514FA1ADD73CC005D3581 /* Debug */ = {
			isa = XCBuildConfiguration;
			buildSettings = {
				ASSETCATALOG_COMPILER_APPICON_NAME = AppIcon;
				INFOPLIST_FILE = FoodPin/Info.plist;
				LD_RUNPATH_SEARCH_PATHS = "$(inherited) @executable_path/Frameworks";
				PRODUCT_NAME = "$(TARGET_NAME)";
			};
			name = Debug;
		};
		181514FB1ADD73CC005D3581 /* Release */ = {
			isa = XCBuildConfiguration;
			buildSettings = {
				ASSETCATALOG_COMPILER_APPICON_NAME = AppIcon;
				INFOPLIST_FILE = FoodPin/Info.plist;
				LD_RUNPATH_SEARCH_PATHS = "$(inherited) @executable_path/Frameworks";
				PRODUCT_NAME = "$(TARGET_NAME)";
			};
			name = Release;
		};
		181514FD1ADD73CC005D3581 /* Debug */ = {
			isa = XCBuildConfiguration;
			buildSettings = {
				BUNDLE_LOADER = "$(TEST_HOST)";
				FRAMEWORK_SEARCH_PATHS = (
					"$(SDKROOT)/Developer/Library/Frameworks",
					"$(inherited)",
				);
				GCC_PREPROCESSOR_DEFINITIONS = (
					"DEBUG=1",
					"$(inherited)",
				);
				INFOPLIST_FILE = FoodPinTests/Info.plist;
				LD_RUNPATH_SEARCH_PATHS = "$(inherited) @executable_path/Frameworks @loader_path/Frameworks";
				PRODUCT_NAME = "$(TARGET_NAME)";
				TEST_HOST = "$(BUILT_PRODUCTS_DIR)/FoodPin.app/FoodPin";
			};
			name = Debug;
		};
		181514FE1ADD73CC005D3581 /* Release */ = {
			isa = XCBuildConfiguration;
			buildSettings = {
				BUNDLE_LOADER = "$(TEST_HOST)";
				FRAMEWORK_SEARCH_PATHS = (
					"$(SDKROOT)/Developer/Library/Frameworks",
					"$(inherited)",
				);
				INFOPLIST_FILE = FoodPinTests/Info.plist;
				LD_RUNPATH_SEARCH_PATHS = "$(inherited) @executable_path/Frameworks @loader_path/Frameworks";
				PRODUCT_NAME = "$(TARGET_NAME)";
				TEST_HOST = "$(BUILT_PRODUCTS_DIR)/FoodPin.app/FoodPin";
			};
			name = Release;
		};
/* End XCBuildConfiguration section */

/* Begin XCConfigurationList section */
		181514D51ADD73CC005D3581 /* Build configuration list for PBXProject "FoodPin" */ = {
			isa = XCConfigurationList;
			buildConfigurations = (
				181514F71ADD73CC005D3581 /* Debug */,
				181514F81ADD73CC005D3581 /* Release */,
			);
			defaultConfigurationIsVisible = 0;
			defaultConfigurationName = Release;
		};
		181514F91ADD73CC005D3581 /* Build configuration list for PBXNativeTarget "FoodPin" */ = {
			isa = XCConfigurationList;
			buildConfigurations = (
				181514FA1ADD73CC005D3581 /* Debug */,
				181514FB1ADD73CC005D3581 /* Release */,
			);
			defaultConfigurationIsVisible = 0;
		};
		181514FC1ADD73CC005D3581 /* Build configuration list for PBXNativeTarget "FoodPinTests" */ = {
			isa = XCConfigurationList;
			buildConfigurations = (
				181514FD1ADD73CC005D3581 /* Debug */,
				181514FE1ADD73CC005D3581 /* Release */,
			);
			defaultConfigurationIsVisible = 0;
		};
/* End XCConfigurationList section */
	};
	rootObject = 181514D21ADD73CC005D3581 /* Project object */;
}
